
Microsoft Visual Studio Solution File, Format Version 11.00
# Visual Studio 2010
Project("{FAE04EC0-301F-11D3-BF4B-00C04F79EFBC}") = "GameJam-Intersection", "Assembly-CSharp.csproj", "{A1B5AC23-888F-3312-FB96-1847DA49D914}"
EndProject
Project("{FAE04EC0-301F-11D3-BF4B-00C04F79EFBC}") = "GameJam-Intersection", "Assembly-CSharp-firstpass.csproj", "{A2943D77-BA32-1C94-4BB6-77AF83F8EC99}"
EndProject
Project("{FAE04EC0-301F-11D3-BF4B-00C04F79EFBC}") = "GameJam-Intersection", "Assembly-CSharp-Editor-firstpass.csproj", "{AA9D7AC9-C2EF-63BD-8027-7BB090EF51A7}"
EndProject
Global
	GlobalSection(SolutionConfigurationPlatforms) = preSolution
		Debug|Any CPU = Debug|Any CPU
		Release|Any CPU = Release|Any CPU
	EndGlobalSection
	GlobalSection(ProjectConfigurationPlatforms) = postSolution
		{A1B5AC23-888F-3312-FB96-1847DA49D914}.Debug|Any CPU.ActiveCfg = Debug|Any CPU
		{A1B5AC23-888F-3312-FB96-1847DA49D914}.Debug|Any CPU.Build.0 = Debug|Any CPU
		{A1B5AC23-888F-3312-FB96-1847DA49D914}.Release|Any CPU.ActiveCfg = Release|Any CPU
		{A1B5AC23-888F-3312-FB96-1847DA49D914}.Release|Any CPU.Build.0 = Release|Any CPU
		{A2943D77-BA32-1C94-4BB6-77AF83F8EC99}.Debug|Any CPU.ActiveCfg = Debug|Any CPU
		{A2943D77-BA32-1C94-4BB6-77AF83F8EC99}.Debug|Any CPU.Build.0 = Debug|Any CPU
		{A2943D77-BA32-1C94-4BB6-77AF83F8EC99}.Release|Any CPU.ActiveCfg = Release|Any CPU
		{A2943D77-BA32-1C94-4BB6-77AF83F8EC99}.Release|Any CPU.Build.0 = Release|Any CPU
		{AA9D7AC9-C2EF-63BD-8027-7BB090EF51A7}.Debug|Any CPU.ActiveCfg = Debug|Any CPU
		{AA9D7AC9-C2EF-63BD-8027-7BB090EF51A7}.Debug|Any CPU.Build.0 = Debug|Any CPU
		{AA9D7AC9-C2EF-63BD-8027-7BB090EF51A7}.Release|Any CPU.ActiveCfg = Release|Any CPU
		{AA9D7AC9-C2EF-63BD-8027-7BB090EF51A7}.Release|Any CPU.Build.0 = Release|Any CPU
	EndGlobalSection
	GlobalSection(SolutionProperties) = preSolution
		HideSolutionNode = FALSE
	EndGlobalSection
	GlobalSection(MonoDevelopProperties) = preSolution
		StartupItem = Assembly-CSharp.csproj
	EndGlobalSection
EndGlobal
